
Microsoft Visual Studio Solution File, Format Version 12.00
# Visual Studio Version 16
VisualStudioVersion = 16.0.31515.178
MinimumVisualStudioVersion = 10.0.40219.1
Project("{FAE04EC0-301F-11D3-BF4B-00C04F79EFBC}") = "CalculateAge", "CalculateAge.csproj", "{7B35FA2E-BF19-4C60-B44E-EA58C1F3FBE4}"
EndProject
Global
	GlobalSection(SolutionConfigurationPlatforms) = preSolution
		Debug|Any CPU = Debug|Any CPU
		Release|Any CPU = Release|Any CPU
	EndGlobalSection
	GlobalSection(ProjectConfigurationPlatforms) = postSolution
		{7B35FA2E-BF19-4C60-B44E-EA58C1F3FBE4}.Debug|Any CPU.ActiveCfg = Debug|Any CPU
		{7B35FA2E-BF19-4C60-B44E-EA58C1F3FBE4}.Debug|Any CPU.Build.0 = Debug|Any CPU
		{7B35FA2E-BF19-4C60-B44E-EA58C1F3FBE4}.Release|Any CPU.ActiveCfg = Release|Any CPU
		{7B35FA2E-BF19-4C60-B44E-EA58C1F3FBE4}.Release|Any CPU.Build.0 = Release|Any CPU
	EndGlobalSection
	GlobalSection(SolutionProperties) = preSolution
		HideSolutionNode = FALSE
	EndGlobalSection
	GlobalSection(ExtensibilityGlobals) = postSolution
		SolutionGuid = {4F1C20F1-D7D8-464C-BA68-5AEE407AD424}
	EndGlobalSection
EndGlobal
